
Microsoft Visual Studio Solution File, Format Version 12.00
# Visual Studio Version 17
VisualStudioVersion = 17.13.35919.96 d17.13
MinimumVisualStudioVersion = 10.0.40219.1
Project("{FAE04EC0-301F-11D3-BF4B-00C04F79EFBC}") = "Modpack", "Modpack\Modpack.csproj", "{64DDF431-C43C-4ABD-BC3C-D5CF07B798BC}"
EndProject
Global
	GlobalSection(SolutionConfigurationPlatforms) = preSolution
		Debug|Any CPU = Debug|Any CPU
		Release|Any CPU = Release|Any CPU
	EndGlobalSection
	GlobalSection(ProjectConfigurationPlatforms) = postSolution
		{64DDF431-C43C-4ABD-BC3C-D5CF07B798BC}.Debug|Any CPU.ActiveCfg = Debug|Any CPU
		{64DDF431-C43C-4ABD-BC3C-D5CF07B798BC}.Debug|Any CPU.Build.0 = Debug|Any CPU
		{64DDF431-C43C-4ABD-BC3C-D5CF07B798BC}.Release|Any CPU.ActiveCfg = Release|Any CPU
		{64DDF431-C43C-4ABD-BC3C-D5CF07B798BC}.Release|Any CPU.Build.0 = Release|Any CPU
	EndGlobalSection
	GlobalSection(SolutionProperties) = preSolution
		HideSolutionNode = FALSE
	EndGlobalSection
	GlobalSection(ExtensibilityGlobals) = postSolution
		SolutionGuid = {F21F760A-96F9-4B9A-AA02-CE7CE79E2E41}
	EndGlobalSection
EndGlobal
